
Microsoft Visual Studio Solution File, Format Version 12.00
# Visual Studio Version 16
VisualStudioVersion = 16.0.29806.167
MinimumVisualStudioVersion = 10.0.40219.1
Project("{9A19103F-16F7-4668-BE54-9A1E7A4F7556}") = "ProducerConsumerExam.Producer", "ProducerConsumerExam.Producer\ProducerConsumerExam.Producer.csproj", "{BAF45BA8-EBBC-482F-937A-6C7653375CB5}"
EndProject
Project("{9A19103F-16F7-4668-BE54-9A1E7A4F7556}") = "ProducerConsumerExam.Data", "ProducerConsumerExam.Data\ProducerConsumerExam.Data.csproj", "{16D9F6B3-59E2-40C6-B5CE-3A2A41105CAE}"
EndProject
Project("{9A19103F-16F7-4668-BE54-9A1E7A4F7556}") = "ProducerConsumerExam.Consumer", "ProducerConsumerExam.Consumer\ProducerConsumerExam.Consumer.csproj", "{E7174D05-119E-466B-AB94-1EFF5546694D}"
EndProject
Project("{9A19103F-16F7-4668-BE54-9A1E7A4F7556}") = "ProducerConsumerExam.Common", "ProducerConsumerExam.Common\ProducerConsumerExam.Common.csproj", "{6DBCA569-B3C3-4E78-8DFC-EE9946D7E6D0}"
EndProject
Project("{2150E333-8FDC-42A3-9474-1A3956D46DE8}") = "Solution Items", "Solution Items", "{966F5DF7-D8BE-4EDE-81B1-D4C631F2148D}"
	ProjectSection(SolutionItems) = preProject
		ReadMe.md = ReadMe.md
	EndProjectSection
EndProject
Global
	GlobalSection(SolutionConfigurationPlatforms) = preSolution
		Debug|Any CPU = Debug|Any CPU
		Release|Any CPU = Release|Any CPU
	EndGlobalSection
	GlobalSection(ProjectConfigurationPlatforms) = postSolution
		{BAF45BA8-EBBC-482F-937A-6C7653375CB5}.Debug|Any CPU.ActiveCfg = Debug|Any CPU
		{BAF45BA8-EBBC-482F-937A-6C7653375CB5}.Debug|Any CPU.Build.0 = Debug|Any CPU
		{BAF45BA8-EBBC-482F-937A-6C7653375CB5}.Release|Any CPU.ActiveCfg = Release|Any CPU
		{BAF45BA8-EBBC-482F-937A-6C7653375CB5}.Release|Any CPU.Build.0 = Release|Any CPU
		{16D9F6B3-59E2-40C6-B5CE-3A2A41105CAE}.Debug|Any CPU.ActiveCfg = Debug|Any CPU
		{16D9F6B3-59E2-40C6-B5CE-3A2A41105CAE}.Debug|Any CPU.Build.0 = Debug|Any CPU
		{16D9F6B3-59E2-40C6-B5CE-3A2A41105CAE}.Release|Any CPU.ActiveCfg = Release|Any CPU
		{16D9F6B3-59E2-40C6-B5CE-3A2A41105CAE}.Release|Any CPU.Build.0 = Release|Any CPU
		{E7174D05-119E-466B-AB94-1EFF5546694D}.Debug|Any CPU.ActiveCfg = Debug|Any CPU
		{E7174D05-119E-466B-AB94-1EFF5546694D}.Debug|Any CPU.Build.0 = Debug|Any CPU
		{E7174D05-119E-466B-AB94-1EFF5546694D}.Release|Any CPU.ActiveCfg = Release|Any CPU
		{E7174D05-119E-466B-AB94-1EFF5546694D}.Release|Any CPU.Build.0 = Release|Any CPU
		{6DBCA569-B3C3-4E78-8DFC-EE9946D7E6D0}.Debug|Any CPU.ActiveCfg = Debug|Any CPU
		{6DBCA569-B3C3-4E78-8DFC-EE9946D7E6D0}.Debug|Any CPU.Build.0 = Debug|Any CPU
		{6DBCA569-B3C3-4E78-8DFC-EE9946D7E6D0}.Release|Any CPU.ActiveCfg = Release|Any CPU
		{6DBCA569-B3C3-4E78-8DFC-EE9946D7E6D0}.Release|Any CPU.Build.0 = Release|Any CPU
	EndGlobalSection
	GlobalSection(SolutionProperties) = preSolution
		HideSolutionNode = FALSE
	EndGlobalSection
	GlobalSection(ExtensibilityGlobals) = postSolution
		SolutionGuid = {E64E1222-E840-4934-BDAE-B8A0DD26548D}
	EndGlobalSection
EndGlobal
